// !$*UTF8*$!
{
	archiveVersion = 1;
	classes = {
	};
	objectVersion = 56;
	objects = {

/* Begin PBXBuildFile section */
		3CE794142B38E4A1002CD8D2 /* TBCAnimationsApp.swift in Sources */ = {isa = PBXBuildFile; fileRef = 3CE794132B38E4A1002CD8D2 /* TBCAnimationsApp.swift */; };
		3CE794162B38E4A1002CD8D2 /* ContentView.swift in Sources */ = {isa = PBXBuildFile; fileRef = 3CE794152B38E4A1002CD8D2 /* ContentView.swift */; };
		3CE794182B38E4A2002CD8D2 /* Assets.xcassets in Resources */ = {isa = PBXBuildFile; fileRef = 3CE794172B38E4A2002CD8D2 /* Assets.xcassets */; };
		3CE7941B2B38E4A2002CD8D2 /* Preview Assets.xcassets in Resources */ = {isa = PBXBuildFile; fileRef = 3CE7941A2B38E4A2002CD8D2 /* Preview Assets.xcassets */; };
		3CE794252B38E4A3002CD8D2 /* TBCAnimationsTests.swift in Sources */ = {isa = PBXBuildFile; fileRef = 3CE794242B38E4A3002CD8D2 /* TBCAnimationsTests.swift */; };
		3CE7942F2B38E4A3002CD8D2 /* TBCAnimationsUITests.swift in Sources */ = {isa = PBXBuildFile; fileRef = 3CE7942E2B38E4A3002CD8D2 /* TBCAnimationsUITests.swift */; };
		3CE794312B38E4A3002CD8D2 /* TBCAnimationsUITestsLaunchTests.swift in Sources */ = {isa = PBXBuildFile; fileRef = 3CE794302B38E4A3002CD8D2 /* TBCAnimationsUITestsLaunchTests.swift */; };
/* End PBXBuildFile section */

/* Begin PBXContainerItemProxy section */
		3CE794212B38E4A3002CD8D2 /* PBXContainerItemProxy */ = {
			isa = PBXContainerItemProxy;
			containerPortal = 3CE794082B38E4A1002CD8D2 /* Project object */;
			proxyType = 1;
			remoteGlobalIDString = 3CE7940F2B38E4A1002CD8D2;
			remoteInfo = TBCAnimations;
		};
		3CE7942B2B38E4A3002CD8D2 /* PBXContainerItemProxy */ = {
			isa = PBXContainerItemProxy;
			containerPortal = 3CE794082B38E4A1002CD8D2 /* Project object */;
			proxyType = 1;
			remoteGlobalIDString = 3CE7940F2B38E4A1002CD8D2;
			remoteInfo = TBCAnimations;
		};
/* End PBXContainerItemProxy section */

/* Begin PBXFileReference section */
		3CE794102B38E4A1002CD8D2 /* TBCAnimations.app */ = {isa = PBXFileReference; explicitFileType = wrapper.application; includeInIndex = 0; path = TBCAnimations.app; sourceTree = BUILT_PRODUCTS_DIR; };
		3CE794132B38E4A1002CD8D2 /* TBCAnimationsApp.swift */ = {isa = PBXFileReference; lastKnownFileType = sourcecode.swift; path = TBCAnimationsApp.swift; sourceTree = "<group>"; };
		3CE794152B38E4A1002CD8D2 /* ContentView.swift */ = {isa = PBXFileReference; lastKnownFileType = sourcecode.swift; path = ContentView.swift; sourceTree = "<group>"; };
		3CE794172B38E4A2002CD8D2 /* Assets.xcassets */ = {isa = PBXFileReference; lastKnownFileType = folder.assetcatalog; path = Assets.xcassets; sourceTree = "<group>"; };
		3CE7941A2B38E4A2002CD8D2 /* Preview Assets.xcassets */ = {isa = PBXFileReference; lastKnownFileType = folder.assetcatalog; path = "Preview Assets.xcassets"; sourceTree = "<group>"; };
		3CE794202B38E4A3002CD8D2 /* TBCAnimationsTests.xctest */ = {isa = PBXFileReference; explicitFileType = wrapper.cfbundle; includeInIndex = 0; path = TBCAnimationsTests.xctest; sourceTree = BUILT_PRODUCTS_DIR; };
		3CE794242B38E4A3002CD8D2 /* TBCAnimationsTests.swift */ = {isa = PBXFileReference; lastKnownFileType = sourcecode.swift; path = TBCAnimationsTests.swift; sourceTree = "<group>"; };
		3CE7942A2B38E4A3002CD8D2 /* TBCAnimationsUITests.xctest */ = {isa = PBXFileReference; explicitFileType = wrapper.cfbundle; includeInIndex = 0; path = TBCAnimationsUITests.xctest; sourceTree = BUILT_PRODUCTS_DIR; };
		3CE7942E2B38E4A3002CD8D2 /* TBCAnimationsUITests.swift */ = {isa = PBXFileReference; lastKnownFileType = sourcecode.swift; path = TBCAnimationsUITests.swift; sourceTree = "<group>"; };
		3CE794302B38E4A3002CD8D2 /* TBCAnimationsUITestsLaunchTests.swift */ = {isa = PBXFileReference; lastKnownFileType = sourcecode.swift; path = TBCAnimationsUITestsLaunchTests.swift; sourceTree = "<group>"; };
/* End PBXFileReference section */

/* Begin PBXFrameworksBuildPhase section */
		3CE7940D2B38E4A1002CD8D2 /* Frameworks */ = {
			isa = PBXFrameworksBuildPhase;
			buildActionMask = 2147483647;
			files = (
			);
			runOnlyForDeploymentPostprocessing = 0;
		};
		3CE7941D2B38E4A3002CD8D2 /* Frameworks */ = {
			isa = PBXFrameworksBuildPhase;
			buildActionMask = 2147483647;
			files = (
			);
			runOnlyForDeploymentPostprocessing = 0;
		};
		3CE794272B38E4A3002CD8D2 /* Frameworks */ = {
			isa = PBXFrameworksBuildPhase;
			buildActionMask = 2147483647;
			files = (
			);
			runOnlyForDeploymentPostprocessing = 0;
		};
/* End PBXFrameworksBuildPhase section */

/* Begin PBXGroup section */
		3CE794072B38E4A1002CD8D2 = {
			isa = PBXGroup;
			children = (
				3CE794122B38E4A1002CD8D2 /* TBCAnimations */,
				3CE794232B38E4A3002CD8D2 /* TBCAnimationsTests */,
				3CE7942D2B38E4A3002CD8D2 /* TBCAnimationsUITests */,
				3CE794112B38E4A1002CD8D2 /* Products */,
			);
			sourceTree = "<group>";
		};
		3CE794112B38E4A1002CD8D2 /* Products */ = {
			isa = PBXGroup;
			children = (
				3CE794102B38E4A1002CD8D2 /* TBCAnimations.app */,
				3CE794202B38E4A3002CD8D2 /* TBCAnimationsTests.xctest */,
				3CE7942A2B38E4A3002CD8D2 /* TBCAnimationsUITests.xctest */,
			);
			name = Products;
			sourceTree = "<group>";
		};
		3CE794122B38E4A1002CD8D2 /* TBCAnimations */ = {
			isa = PBXGroup;
			children = (
				3CE794132B38E4A1002CD8D2 /* TBCAnimationsApp.swift */,
				3CE794152B38E4A1002CD8D2 /* ContentView.swift */,
				3CE794172B38E4A2002CD8D2 /* Assets.xcassets */,
				3CE794192B38E4A2002CD8D2 /* Preview Content */,
			);
			path = TBCAnimations;
			sourceTree = "<group>";
		};
		3CE794192B38E4A2002CD8D2 /* Preview Content */ = {
			isa = PBXGroup;
			children = (
				3CE7941A2B38E4A2002CD8D2 /* Preview Assets.xcassets */,
			);
			path = "Preview Content";
			sourceTree = "<group>";
		};
		3CE794232B38E4A3002CD8D2 /* TBCAnimationsTests */ = {
			isa = PBXGroup;
			children = (
				3CE794242B38E4A3002CD8D2 /* TBCAnimationsTests.swift */,
			);
			path = TBCAnimationsTests;
			sourceTree = "<group>";
		};
		3CE7942D2B38E4A3002CD8D2 /* TBCAnimationsUITests */ = {
			isa = PBXGroup;
			children = (
				3CE7942E2B38E4A3002CD8D2 /* TBCAnimationsUITests.swift */,
				3CE794302B38E4A3002CD8D2 /* TBCAnimationsUITestsLaunchTests.swift */,
			);
			path = TBCAnimationsUITests;
			sourceTree = "<group>";
		};
/* End PBXGroup section */

/* Begin PBXNativeTarget section */
		3CE7940F2B38E4A1002CD8D2 /* TBCAnimations */ = {
			isa = PBXNativeTarget;
			buildConfigurationList = 3CE794342B38E4A3002CD8D2 /* Build configuration list for PBXNativeTarget "TBCAnimations" */;
			buildPhases = (
				3CE7940C2B38E4A1002CD8D2 /* Sources */,
				3CE7940D2B38E4A1002CD8D2 /* Frameworks */,
				3CE7940E2B38E4A1002CD8D2 /* Resources */,
			);
			buildRules = (
			);
			dependencies = (
			);
			name = TBCAnimations;
			productName = TBCAnimations;
			productReference = 3CE794102B38E4A1002CD8D2 /* TBCAnimations.app */;
			productType = "com.apple.product-type.application";
		};
		3CE7941F2B38E4A3002CD8D2 /* TBCAnimationsTests */ = {
			isa = PBXNativeTarget;
			buildConfigurationList = 3CE794372B38E4A3002CD8D2 /* Build configuration list for PBXNativeTarget "TBCAnimationsTests" */;
			buildPhases = (
				3CE7941C2B38E4A3002CD8D2 /* Sources */,
				3CE7941D2B38E4A3002CD8D2 /* Frameworks */,
				3CE7941E2B38E4A3002CD8D2 /* Resources */,
			);
			buildRules = (
			);
			dependencies = (
				3CE794222B38E4A3002CD8D2 /* PBXTargetDependency */,
			);
			name = TBCAnimationsTests;
			productName = TBCAnimationsTests;
			productReference = 3CE794202B38E4A3002CD8D2 /* TBCAnimationsTests.xctest */;
			productType = "com.apple.product-type.bundle.unit-test";
		};
		3CE794292B38E4A3002CD8D2 /* TBCAnimationsUITests */ = {
			isa = PBXNativeTarget;
			buildConfigurationList = 3CE7943A2B38E4A3002CD8D2 /* Build configuration list for PBXNativeTarget "TBCAnimationsUITests" */;
			buildPhases = (
				3CE794262B38E4A3002CD8D2 /* Sources */,
				3CE794272B38E4A3002CD8D2 /* Frameworks */,
				3CE794282B38E4A3002CD8D2 /* Resources */,
			);
			buildRules = (
			);
			dependencies = (
				3CE7942C2B38E4A3002CD8D2 /* PBXTargetDependency */,
			);
			name = TBCAnimationsUITests;
			productName = TBCAnimationsUITests;
			productReference = 3CE7942A2B38E4A3002CD8D2 /* TBCAnimationsUITests.xctest */;
			productType = "com.apple.product-type.bundle.ui-testing";
		};
/* End PBXNativeTarget section */

/* Begin PBXProject section */
		3CE794082B38E4A1002CD8D2 /* Project object */ = {
			isa = PBXProject;
			attributes = {
				BuildIndependentTargetsInParallel = 1;
				LastSwiftUpdateCheck = 1500;
				LastUpgradeCheck = 1500;
				TargetAttributes = {
					3CE7940F2B38E4A1002CD8D2 = {
						CreatedOnToolsVersion = 15.0.1;
					};
					3CE7941F2B38E4A3002CD8D2 = {
						CreatedOnToolsVersion = 15.0.1;
						TestTargetID = 3CE7940F2B38E4A1002CD8D2;
					};
					3CE794292B38E4A3002CD8D2 = {
						CreatedOnToolsVersion = 15.0.1;
						TestTargetID = 3CE7940F2B38E4A1002CD8D2;
					};
				};
			};
			buildConfigurationList = 3CE7940B2B38E4A1002CD8D2 /* Build configuration list for PBXProject "TBCAnimations" */;
			compatibilityVersion = "Xcode 14.0";
			developmentRegion = en;
			hasScannedForEncodings = 0;
			knownRegions = (
				en,
				Base,
			);
			mainGroup = 3CE794072B38E4A1002CD8D2;
			productRefGroup = 3CE794112B38E4A1002CD8D2 /* Products */;
			projectDirPath = "";
			projectRoot = "";
			targets = (
				3CE7940F2B38E4A1002CD8D2 /* TBCAnimations */,
				3CE7941F2B38E4A3002CD8D2 /* TBCAnimationsTests */,
				3CE794292B38E4A3002CD8D2 /* TBCAnimationsUITests */,
			);
		};
/* End PBXProject section */

/* Begin PBXResourcesBuildPhase section */
		3CE7940E2B38E4A1002CD8D2 /* Resources */ = {
			isa = PBXResourcesBuildPhase;
			buildActionMask = 2147483647;
			files = (
				3CE7941B2B38E4A2002CD8D2 /* Preview Assets.xcassets in Resources */,
				3CE794182B38E4A2002CD8D2 /* Assets.xcassets in Resources */,
			);
			runOnlyForDeploymentPostprocessing = 0;
		};
		3CE7941E2B38E4A3002CD8D2 /* Resources */ = {
			isa = PBXResourcesBuildPhase;
			buildActionMask = 2147483647;
			files = (
			);
			runOnlyForDeploymentPostprocessing = 0;
		};
		3CE794282B38E4A3002CD8D2 /* Resources */ = {
			isa = PBXResourcesBuildPhase;
			buildActionMask = 2147483647;
			files = (
			);
			runOnlyForDeploymentPostprocessing = 0;
		};
/* End PBXResourcesBuildPhase section */

/* Begin PBXSourcesBuildPhase section */
		3CE7940C2B38E4A1002CD8D2 /* Sources */ = {
			isa = PBXSourcesBuildPhase;
			buildActionMask = 2147483647;
			files = (
				3CE794162B38E4A1002CD8D2 /* ContentView.swift in Sources */,
				3CE794142B38E4A1002CD8D2 /* TBCAnimationsApp.swift in Sources */,
			);
			runOnlyForDeploymentPostprocessing = 0;
		};
		3CE7941C2B38E4A3002CD8D2 /* Sources */ = {
			isa = PBXSourcesBuildPhase;
			buildActionMask = 2147483647;
			files = (
				3CE794252B38E4A3002CD8D2 /* TBCAnimationsTests.swift in Sources */,
			);
			runOnlyForDeploymentPostprocessing = 0;
		};
		3CE794262B38E4A3002CD8D2 /* Sources */ = {
			isa = PBXSourcesBuildPhase;
			buildActionMask = 2147483647;
			files = (
				3CE7942F2B38E4A3002CD8D2 /* TBCAnimationsUITests.swift in Sources */,
				3CE794312B38E4A3002CD8D2 /* TBCAnimationsUITestsLaunchTests.swift in Sources */,
			);
			runOnlyForDeploymentPostprocessing = 0;
		};
/* End PBXSourcesBuildPhase section */

/* Begin PBXTargetDependency section */
		3CE794222B38E4A3002CD8D2 /* PBXTargetDependency */ = {
			isa = PBXTargetDependency;
			target = 3CE7940F2B38E4A1002CD8D2 /* TBCAnimations */;
			targetProxy = 3CE794212B38E4A3002CD8D2 /* PBXContainerItemProxy */;
		};
		3CE7942C2B38E4A3002CD8D2 /* PBXTargetDependency */ = {
			isa = PBXTargetDependency;
			target = 3CE7940F2B38E4A1002CD8D2 /* TBCAnimations */;
			targetProxy = 3CE7942B2B38E4A3002CD8D2 /* PBXContainerItemProxy */;
		};
/* End PBXTargetDependency section */

/* Begin XCBuildConfiguration section */
		3CE794322B38E4A3002CD8D2 /* Debug */ = {
			isa = XCBuildConfiguration;
			buildSettings = {
				ALWAYS_SEARCH_USER_PATHS = NO;
				ASSETCATALOG_COMPILER_GENERATE_SWIFT_ASSET_SYMBOL_EXTENSIONS = YES;
				CLANG_ANALYZER_NONNULL = YES;
				CLANG_ANALYZER_NUMBER_OBJECT_CONVERSION = YES_AGGRESSIVE;
				CLANG_CXX_LANGUAGE_STANDARD = "gnu++20";
				CLANG_ENABLE_MODULES = YES;
				CLANG_ENABLE_OBJC_ARC = YES;
				CLANG_ENABLE_OBJC_WEAK = YES;
				CLANG_WARN_BLOCK_CAPTURE_AUTORELEASING = YES;
				CLANG_WARN_BOOL_CONVERSION = YES;
				CLANG_WARN_COMMA = YES;
				CLANG_WARN_CONSTANT_CONVERSION = YES;
				CLANG_WARN_DEPRECATED_OBJC_IMPLEMENTATIONS = YES;
				CLANG_WARN_DIRECT_OBJC_ISA_USAGE = YES_ERROR;
				CLANG_WARN_DOCUMENTATION_COMMENTS = YES;
				CLANG_WARN_EMPTY_BODY = YES;
				CLANG_WARN_ENUM_CONVERSION = YES;
				CLANG_WARN_INFINITE_RECURSION = YES;
				CLANG_WARN_INT_CONVERSION = YES;
				CLANG_WARN_NON_LITERAL_NULL_CONVERSION = YES;
				CLANG_WARN_OBJC_IMPLICIT_RETAIN_SELF = YES;
				CLANG_WARN_OBJC_LITERAL_CONVERSION = YES;
				CLANG_WARN_OBJC_ROOT_CLASS = YES_ERROR;
				CLANG_WARN_QUOTED_INCLUDE_IN_FRAMEWORK_HEADER = YES;
				CLANG_WARN_RANGE_LOOP_ANALYSIS = YES;
				CLANG_WARN_STRICT_PROTOTYPES = YES;
				CLANG_WARN_SUSPICIOUS_MOVE = YES;
				CLANG_WARN_UNGUARDED_AVAILABILITY = YES_AGGRESSIVE;
				CLANG_WARN_UNREACHABLE_CODE = YES;
				CLANG_WARN__DUPLICATE_METHOD_MATCH = YES;
				COPY_PHASE_STRIP = NO;
				DEBUG_INFORMATION_FORMAT = dwarf;
				ENABLE_STRICT_OBJC_MSGSEND = YES;
				ENABLE_TESTABILITY = YES;
				ENABLE_USER_SCRIPT_SANDBOXING = YES;
				GCC_C_LANGUAGE_STANDARD = gnu17;
				GCC_DYNAMIC_NO_PIC = NO;
				GCC_NO_COMMON_BLOCKS = YES;
				GCC_OPTIMIZATION_LEVEL = 0;
				GCC_PREPROCESSOR_DEFINITIONS = (
					"DEBUG=1",
					"$(inherited)",
				);
				GCC_WARN_64_TO_32_BIT_CONVERSION = YES;
				GCC_WARN_ABOUT_RETURN_TYPE = YES_ERROR;
				GCC_WARN_UNDECLARED_SELECTOR = YES;
				GCC_WARN_UNINITIALIZED_AUTOS = YES_AGGRESSIVE;
				GCC_WARN_UNUSED_FUNCTION = YES;
				GCC_WARN_UNUSED_VARIABLE = YES;
				IPHONEOS_DEPLOYMENT_TARGET = 17.0;
				LOCALIZATION_PREFERS_STRING_CATALOGS = YES;
				MTL_ENABLE_DEBUG_INFO = INCLUDE_SOURCE;
				MTL_FAST_MATH = YES;
				ONLY_ACTIVE_ARCH = YES;
				SDKROOT = iphoneos;
				SWIFT_ACTIVE_COMPILATION_CONDITIONS = "DEBUG $(inherited)";
				SWIFT_OPTIMIZATION_LEVEL = "-Onone";
			};
			name = Debug;
		};
		3CE794332B38E4A3002CD8D2 /* Release */ = {
			isa = XCBuildConfiguration;
			buildSettings = {
				ALWAYS_SEARCH_USER_PATHS = NO;
				ASSETCATALOG_COMPILER_GENERATE_SWIFT_ASSET_SYMBOL_EXTENSIONS = YES;
				CLANG_ANALYZER_NONNULL = YES;
				CLANG_ANALYZER_NUMBER_OBJECT_CONVERSION = YES_AGGRESSIVE;
				CLANG_CXX_LANGUAGE_STANDARD = "gnu++20";
				CLANG_ENABLE_MODULES = YES;
				CLANG_ENABLE_OBJC_ARC = YES;
				CLANG_ENABLE_OBJC_WEAK = YES;
				CLANG_WARN_BLOCK_CAPTURE_AUTORELEASING = YES;
				CLANG_WARN_BOOL_CONVERSION = YES;
				CLANG_WARN_COMMA = YES;
				CLANG_WARN_CONSTANT_CONVERSION = YES;
				CLANG_WARN_DEPRECATED_OBJC_IMPLEMENTATIONS = YES;
				CLANG_WARN_DIRECT_OBJC_ISA_USAGE = YES_ERROR;
				CLANG_WARN_DOCUMENTATION_COMMENTS = YES;
				CLANG_WARN_EMPTY_BODY = YES;
				CLANG_WARN_ENUM_CONVERSION = YES;
				CLANG_WARN_INFINITE_RECURSION = YES;
				CLANG_WARN_INT_CONVERSION = YES;
				CLANG_WARN_NON_LITERAL_NULL_CONVERSION = YES;
				CLANG_WARN_OBJC_IMPLICIT_RETAIN_SELF = YES;
				CLANG_WARN_OBJC_LITERAL_CONVERSION = YES;
				CLANG_WARN_OBJC_ROOT_CLASS = YES_ERROR;
				CLANG_WARN_QUOTED_INCLUDE_IN_FRAMEWORK_HEADER = YES;
				CLANG_WARN_RANGE_LOOP_ANALYSIS = YES;
				CLANG_WARN_STRICT_PROTOTYPES = YES;
				CLANG_WARN_SUSPICIOUS_MOVE = YES;
				CLANG_WARN_UNGUARDED_AVAILABILITY = YES_AGGRESSIVE;
				CLANG_WARN_UNREACHABLE_CODE = YES;
				CLANG_WARN__DUPLICATE_METHOD_MATCH = YES;
				COPY_PHASE_STRIP = NO;
				DEBUG_INFORMATION_FORMAT = "dwarf-with-dsym";
				ENABLE_NS_ASSERTIONS = NO;
				ENABLE_STRICT_OBJC_MSGSEND = YES;
				ENABLE_USER_SCRIPT_SANDBOXING = YES;
				GCC_C_LANGUAGE_STANDARD = gnu17;
				GCC_NO_COMMON_BLOCKS = YES;
				GCC_WARN_64_TO_32_BIT_CONVERSION = YES;
				GCC_WARN_ABOUT_RETURN_TYPE = YES_ERROR;
				GCC_WARN_UNDECLARED_SELECTOR = YES;
				GCC_WARN_UNINITIALIZED_AUTOS = YES_AGGRESSIVE;
				GCC_WARN_UNUSED_FUNCTION = YES;
				GCC_WARN_UNUSED_VARIABLE = YES;
				IPHONEOS_DEPLOYMENT_TARGET = 17.0;
				LOCALIZATION_PREFERS_STRING_CATALOGS = YES;
				MTL_ENABLE_DEBUG_INFO = NO;
				MTL_FAST_MATH = YES;
				SDKROOT = iphoneos;
				SWIFT_COMPILATION_MODE = wholemodule;
				VALIDATE_PRODUCT = YES;
			};
			name = Release;
		};
		3CE794352B38E4A3002CD8D2 /* Debug */ = {
			isa = XCBuildConfiguration;
			buildSettings = {
				ASSETCATALOG_COMPILER_APPICON_NAME = AppIcon;
				ASSETCATALOG_COMPILER_GLOBAL_ACCENT_COLOR_NAME = AccentColor;
				CODE_SIGN_STYLE = Automatic;
				CURRENT_PROJECT_VERSION = 1;
				DEVELOPMENT_ASSET_PATHS = "\"TBCAnimations/Preview Content\"";
				DEVELOPMENT_TEAM = UY94N2F65W;
				ENABLE_PREVIEWS = YES;
				GENERATE_INFOPLIST_FILE = YES;
				INFOPLIST_KEY_UIApplicationSceneManifest_Generation = YES;
				INFOPLIST_KEY_UIApplicationSupportsIndirectInputEvents = YES;
				INFOPLIST_KEY_UILaunchScreen_Generation = YES;
				INFOPLIST_KEY_UISupportedInterfaceOrientations_iPad = "UIInterfaceOrientationPortrait UIInterfaceOrientationPortraitUpsideDown UIInterfaceOrientationLandscapeLeft UIInterfaceOrientationLandscapeRight";
				INFOPLIST_KEY_UISupportedInterfaceOrientations_iPhone = "UIInterfaceOrientationPortrait UIInterfaceOrientationLandscapeLeft UIInterfaceOrientationLandscapeRight";
				LD_RUNPATH_SEARCH_PATHS = (
					"$(inherited)",
					"@executable_path/Frameworks",
				);
				MARKETING_VERSION = 1.0;
				PRODUCT_BUNDLE_IDENTIFIER = com.lapiashvili.animations.TBCAnimations;
				PRODUCT_NAME = "$(TARGET_NAME)";
				SWIFT_EMIT_LOC_STRINGS = YES;
				SWIFT_VERSION = 5.0;
				TARGETED_DEVICE_FAMILY = "1,2";
			};
			name = Debug;
		};
		3CE794362B38E4A3002CD8D2 /* Release */ = {
			isa = XCBuildConfiguration;
			buildSettings = {
				ASSETCATALOG_COMPILER_APPICON_NAME = AppIcon;
				ASSETCATALOG_COMPILER_GLOBAL_ACCENT_COLOR_NAME = AccentColor;
				CODE_SIGN_STYLE = Automatic;
				CURRENT_PROJECT_VERSION = 1;
				DEVELOPMENT_ASSET_PATHS = "\"TBCAnimations/Preview Content\"";
				DEVELOPMENT_TEAM = UY94N2F65W;
				ENABLE_PREVIEWS = YES;
				GENERATE_INFOPLIST_FILE = YES;
				INFOPLIST_KEY_UIApplicationSceneManifest_Generation = YES;
				INFOPLIST_KEY_UIApplicationSupportsIndirectInputEvents = YES;
				INFOPLIST_KEY_UILaunchScreen_Generation = YES;
				INFOPLIST_KEY_UISupportedInterfaceOrientations_iPad = "UIInterfaceOrientationPortrait UIInterfaceOrientationPortraitUpsideDown UIInterfaceOrientationLandscapeLeft UIInterfaceOrientationLandscapeRight";
				INFOPLIST_KEY_UISupportedInterfaceOrientations_iPhone = "UIInterfaceOrientationPortrait UIInterfaceOrientationLandscapeLeft UIInterfaceOrientationLandscapeRight";
				LD_RUNPATH_SEARCH_PATHS = (
					"$(inherited)",
					"@executable_path/Frameworks",
				);
				MARKETING_VERSION = 1.0;
				PRODUCT_BUNDLE_IDENTIFIER = com.lapiashvili.animations.TBCAnimations;
				PRODUCT_NAME = "$(TARGET_NAME)";
				SWIFT_EMIT_LOC_STRINGS = YES;
				SWIFT_VERSION = 5.0;
				TARGETED_DEVICE_FAMILY = "1,2";
			};
			name = Release;
		};
		3CE794382B38E4A3002CD8D2 /* Debug */ = {
			isa = XCBuildConfiguration;
			buildSettings = {
				ALWAYS_EMBED_SWIFT_STANDARD_LIBRARIES = YES;
				BUNDLE_LOADER = "$(TEST_HOST)";
				CODE_SIGN_STYLE = Automatic;
				CURRENT_PROJECT_VERSION = 1;
				DEVELOPMENT_TEAM = UY94N2F65W;
				GENERATE_INFOPLIST_FILE = YES;
				IPHONEOS_DEPLOYMENT_TARGET = 17.0;
				MARKETING_VERSION = 1.0;
				PRODUCT_BUNDLE_IDENTIFIER = com.lapiashvili.animations.TBCAnimationsTests;
				PRODUCT_NAME = "$(TARGET_NAME)";
				SWIFT_EMIT_LOC_STRINGS = NO;
				SWIFT_VERSION = 5.0;
				TARGETED_DEVICE_FAMILY = "1,2";
				TEST_HOST = "$(BUILT_PRODUCTS_DIR)/TBCAnimations.app/$(BUNDLE_EXECUTABLE_FOLDER_PATH)/TBCAnimations";
			};
			name = Debug;
		};
		3CE794392B38E4A3002CD8D2 /* Release */ = {
			isa = XCBuildConfiguration;
			buildSettings = {
				ALWAYS_EMBED_SWIFT_STANDARD_LIBRARIES = YES;
				BUNDLE_LOADER = "$(TEST_HOST)";
				CODE_SIGN_STYLE = Automatic;
				CURRENT_PROJECT_VERSION = 1;
				DEVELOPMENT_TEAM = UY94N2F65W;
				GENERATE_INFOPLIST_FILE = YES;
				IPHONEOS_DEPLOYMENT_TARGET = 17.0;
				MARKETING_VERSION = 1.0;
				PRODUCT_BUNDLE_IDENTIFIER = com.lapiashvili.animations.TBCAnimationsTests;
				PRODUCT_NAME = "$(TARGET_NAME)";
				SWIFT_EMIT_LOC_STRINGS = NO;
				SWIFT_VERSION = 5.0;
				TARGETED_DEVICE_FAMILY = "1,2";
				TEST_HOST = "$(BUILT_PRODUCTS_DIR)/TBCAnimations.app/$(BUNDLE_EXECUTABLE_FOLDER_PATH)/TBCAnimations";
			};
			name = Release;
		};
		3CE7943B2B38E4A3002CD8D2 /* Debug */ = {
			isa = XCBuildConfiguration;
			buildSettings = {
				ALWAYS_EMBED_SWIFT_STANDARD_LIBRARIES = YES;
				CODE_SIGN_STYLE = Automatic;
				CURRENT_PROJECT_VERSION = 1;
				DEVELOPMENT_TEAM = UY94N2F65W;
				GENERATE_INFOPLIST_FILE = YES;
				MARKETING_VERSION = 1.0;
				PRODUCT_BUNDLE_IDENTIFIER = com.lapiashvili.animations.TBCAnimationsUITests;
				PRODUCT_NAME = "$(TARGET_NAME)";
				SWIFT_EMIT_LOC_STRINGS = NO;
				SWIFT_VERSION = 5.0;
				TARGETED_DEVICE_FAMILY = "1,2";
				TEST_TARGET_NAME = TBCAnimations;
			};
			name = Debug;
		};
		3CE7943C2B38E4A3002CD8D2 /* Release */ = {
			isa = XCBuildConfiguration;
			buildSettings = {
				ALWAYS_EMBED_SWIFT_STANDARD_LIBRARIES = YES;
				CODE_SIGN_STYLE = Automatic;
				CURRENT_PROJECT_VERSION = 1;
				DEVELOPMENT_TEAM = UY94N2F65W;
				GENERATE_INFOPLIST_FILE = YES;
				MARKETING_VERSION = 1.0;
				PRODUCT_BUNDLE_IDENTIFIER = com.lapiashvili.animations.TBCAnimationsUITests;
				PRODUCT_NAME = "$(TARGET_NAME)";
				SWIFT_EMIT_LOC_STRINGS = NO;
				SWIFT_VERSION = 5.0;
				TARGETED_DEVICE_FAMILY = "1,2";
				TEST_TARGET_NAME = TBCAnimations;
			};
			name = Release;
		};
/* End XCBuildConfiguration section */

/* Begin XCConfigurationList section */
		3CE7940B2B38E4A1002CD8D2 /* Build configuration list for PBXProject "TBCAnimations" */ = {
			isa = XCConfigurationList;
			buildConfigurations = (
				3CE794322B38E4A3002CD8D2 /* Debug */,
				3CE794332B38E4A3002CD8D2 /* Release */,
			);
			defaultConfigurationIsVisible = 0;
			defaultConfigurationName = Release;
		};
		3CE794342B38E4A3002CD8D2 /* Build configuration list for PBXNativeTarget "TBCAnimations" */ = {
			isa = XCConfigurationList;
			buildConfigurations = (
				3CE794352B38E4A3002CD8D2 /* Debug */,
				3CE794362B38E4A3002CD8D2 /* Release */,
			);
			defaultConfigurationIsVisible = 0;
			defaultConfigurationName = Release;
		};
		3CE794372B38E4A3002CD8D2 /* Build configuration list for PBXNativeTarget "TBCAnimationsTests" */ = {
			isa = XCConfigurationList;
			buildConfigurations = (
				3CE794382B38E4A3002CD8D2 /* Debug */,
				3CE794392B38E4A3002CD8D2 /* Release */,
			);
			defaultConfigurationIsVisible = 0;
			defaultConfigurationName = Release;
		};
		3CE7943A2B38E4A3002CD8D2 /* Build configuration list for PBXNativeTarget "TBCAnimationsUITests" */ = {
			isa = XCConfigurationList;
			buildConfigurations = (
				3CE7943B2B38E4A3002CD8D2 /* Debug */,
				3CE7943C2B38E4A3002CD8D2 /* Release */,
			);
			defaultConfigurationIsVisible = 0;
			defaultConfigurationName = Release;
		};
/* End XCConfigurationList section */
	};
	rootObject = 3CE794082B38E4A1002CD8D2 /* Project object */;
}
